
Microsoft Visual Studio Solution File, Format Version 12.00
# Visual Studio Version 16
VisualStudioVersion = 16.0.29201.188
MinimumVisualStudioVersion = 10.0.40219.1
Project("{9A19103F-16F7-4668-BE54-9A1E7A4F7556}") = "MarsRover", "MarsRover.csproj", "{F6484D94-FFC4-4055-9998-1789E6E250A8}"
EndProject
Project("{FAE04EC0-301F-11D3-BF4B-00C04F79EFBC}") = "MarsRover.Domain", "..\MarsRover.Domain\MarsRover.Domain.csproj", "{19FF2EB2-34CD-4DE0-980B-E57782021534}"
EndProject
Project("{FAE04EC0-301F-11D3-BF4B-00C04F79EFBC}") = "MarsRover.Tests", "..\MarsRover.Tests\MarsRover.Tests.csproj", "{36967CD2-F9EC-4064-B81C-98E3C352FBC4}"
EndProject
Global
	GlobalSection(SolutionConfigurationPlatforms) = preSolution
		Debug|Any CPU = Debug|Any CPU
		Release|Any CPU = Release|Any CPU
	EndGlobalSection
	GlobalSection(ProjectConfigurationPlatforms) = postSolution
		{F6484D94-FFC4-4055-9998-1789E6E250A8}.Debug|Any CPU.ActiveCfg = Debug|Any CPU
		{F6484D94-FFC4-4055-9998-1789E6E250A8}.Debug|Any CPU.Build.0 = Debug|Any CPU
		{F6484D94-FFC4-4055-9998-1789E6E250A8}.Release|Any CPU.ActiveCfg = Release|Any CPU
		{F6484D94-FFC4-4055-9998-1789E6E250A8}.Release|Any CPU.Build.0 = Release|Any CPU
		{19FF2EB2-34CD-4DE0-980B-E57782021534}.Debug|Any CPU.ActiveCfg = Debug|Any CPU
		{19FF2EB2-34CD-4DE0-980B-E57782021534}.Debug|Any CPU.Build.0 = Debug|Any CPU
		{19FF2EB2-34CD-4DE0-980B-E57782021534}.Release|Any CPU.ActiveCfg = Release|Any CPU
		{19FF2EB2-34CD-4DE0-980B-E57782021534}.Release|Any CPU.Build.0 = Release|Any CPU
		{36967CD2-F9EC-4064-B81C-98E3C352FBC4}.Debug|Any CPU.ActiveCfg = Debug|Any CPU
		{36967CD2-F9EC-4064-B81C-98E3C352FBC4}.Debug|Any CPU.Build.0 = Debug|Any CPU
		{36967CD2-F9EC-4064-B81C-98E3C352FBC4}.Release|Any CPU.ActiveCfg = Release|Any CPU
		{36967CD2-F9EC-4064-B81C-98E3C352FBC4}.Release|Any CPU.Build.0 = Release|Any CPU
	EndGlobalSection
	GlobalSection(SolutionProperties) = preSolution
		HideSolutionNode = FALSE
	EndGlobalSection
	GlobalSection(ExtensibilityGlobals) = postSolution
		SolutionGuid = {2A6654ED-A431-43A0-9D1A-8EDDE2415289}
	EndGlobalSection
EndGlobal
